<?xml version="1.0" encoding="utf-8"?>
<Project ToolsVersion="4.0" xmlns="http://schemas.microsoft.com/developer/msbuild/2003">
  <ItemGroup>
    <Filter Include="Source Files">
      <UniqueIdentifier>{e9576e34-1b5e-4206-a6c4-aa9d8ac70503}</UniqueIdentifier>
      <Extensions>cpp;c;cxx;rc;def;r;odl;idl;hpj;bat</Extensions>
    </Filter>
    <Filter Include="Header Files">
      <UniqueIdentifier>{99b757c3-4eac-426e-bb84-eb2f44611417}</UniqueIdentifier>
      <Extensions>h;hpp;hxx;hm;inl</Extensions>
    </Filter>
    <Filter Include="Resource Files">
      <UniqueIdentifier>{d14c104d-91f7-42c4-af77-0ff47de0858a}</UniqueIdentifier>
      <Extensions>ico;cur;bmp;dlg;rc2;rct;bin;rgs;gif;jpg;jpeg;jpe</Extensions>
    </Filter>
  </ItemGroup>
  <ItemGroup>
    <ClCompile Include="brcOutFile.cpp">
      <Filter>Source Files</Filter>
    </ClCompile>
    <ClCompile Include="generics.cpp">
      <Filter>Source Files</Filter>
    </ClCompile>
    <ClCompile Include="rcnUtilities.cpp">
      <Filter>Source Files</Filter>
    </ClCompile>
    <ClCompile Include="StdAfx.cpp">
      <Filter>Source Files</Filter>
    </ClCompile>
    <ClCompile Include="textFile.cpp">
      <Filter>Source Files</Filter>
    </ClCompile>
    <ClCompile Include="timesub.cpp">
      <Filter>Source Files</Filter>
    </ClCompile>
  </ItemGroup>
  <ItemGroup>
    <None Include="rcnUtilities.def">
      <Filter>Source Files</Filter>
    </None>
    <None Include="res\rcnUtilities.rc2">
      <Filter>Resource Files</Filter>
    </None>
    <None Include="ReadMe.txt" />
  </ItemGroup>
  <ItemGroup>
    <ResourceCompile Include="rcnUtilities.rc">
      <Filter>Source Files</Filter>
    </ResourceCompile>
  </ItemGroup>
  <ItemGroup>
    <ClInclude Include="brcOutFile.h">
      <Filter>Header Files</Filter>
    </ClInclude>
    <ClInclude Include="generic.h">
      <Filter>Header Files</Filter>
    </ClInclude>
    <ClInclude Include="local.h">
      <Filter>Header Files</Filter>
    </ClInclude>
    <ClInclude Include="mfcutilities.h">
      <Filter>Header Files</Filter>
    </ClInclude>
    <ClInclude Include="Resource.h">
      <Filter>Header Files</Filter>
    </ClInclude>
    <ClInclude Include="StdAfx.h">
      <Filter>Header Files</Filter>
    </ClInclude>
    <ClInclude Include="textFile.h">
      <Filter>Header Files</Filter>
    </ClInclude>
    <ClInclude Include="wpicc.h">
      <Filter>Header Files</Filter>
    </ClInclude>
  </ItemGroup>
</Project>